
Microsoft Visual Studio Solution File, Format Version 12.00
# Visual Studio 15
VisualStudioVersion = 15.0.28307.539
MinimumVisualStudioVersion = 10.0.40219.1
Project("{FAE04EC0-301F-11D3-BF4B-00C04F79EFBC}") = "ASM2", "ASM2\ASM2.csproj", "{7DCD1FE7-A989-4AA8-ABC5-4B4A4DC98913}"
EndProject
Global
	GlobalSection(SolutionConfigurationPlatforms) = preSolution
		Debug|Any CPU = Debug|Any CPU
		Release|Any CPU = Release|Any CPU
	EndGlobalSection
	GlobalSection(ProjectConfigurationPlatforms) = postSolution
		{7DCD1FE7-A989-4AA8-ABC5-4B4A4DC98913}.Debug|Any CPU.ActiveCfg = Debug|Any CPU
		{7DCD1FE7-A989-4AA8-ABC5-4B4A4DC98913}.Debug|Any CPU.Build.0 = Debug|Any CPU
		{7DCD1FE7-A989-4AA8-ABC5-4B4A4DC98913}.Release|Any CPU.ActiveCfg = Release|Any CPU
		{7DCD1FE7-A989-4AA8-ABC5-4B4A4DC98913}.Release|Any CPU.Build.0 = Release|Any CPU
	EndGlobalSection
	GlobalSection(SolutionProperties) = preSolution
		HideSolutionNode = FALSE
	EndGlobalSection
	GlobalSection(ExtensibilityGlobals) = postSolution
		SolutionGuid = {BCD06D4D-9285-4134-A062-BC0CA6718862}
	EndGlobalSection
EndGlobal
