
Microsoft Visual Studio Solution File, Format Version 12.00
# Visual Studio 15
VisualStudioVersion = 15.0.28307.271
MinimumVisualStudioVersion = 10.0.40219.1
Project("{FAE04EC0-301F-11D3-BF4B-00C04F79EFBC}") = "CFG", "CFG\CFG.csproj", "{BBF29F08-0C08-4DA1-B7BD-0F4A9675E3DE}"
EndProject
Global
	GlobalSection(SolutionConfigurationPlatforms) = preSolution
		Debug|Any CPU = Debug|Any CPU
		Release|Any CPU = Release|Any CPU
	EndGlobalSection
	GlobalSection(ProjectConfigurationPlatforms) = postSolution
		{BBF29F08-0C08-4DA1-B7BD-0F4A9675E3DE}.Debug|Any CPU.ActiveCfg = Debug|Any CPU
		{BBF29F08-0C08-4DA1-B7BD-0F4A9675E3DE}.Debug|Any CPU.Build.0 = Debug|Any CPU
		{BBF29F08-0C08-4DA1-B7BD-0F4A9675E3DE}.Release|Any CPU.ActiveCfg = Release|Any CPU
		{BBF29F08-0C08-4DA1-B7BD-0F4A9675E3DE}.Release|Any CPU.Build.0 = Release|Any CPU
	EndGlobalSection
	GlobalSection(SolutionProperties) = preSolution
		HideSolutionNode = FALSE
	EndGlobalSection
	GlobalSection(ExtensibilityGlobals) = postSolution
		SolutionGuid = {6E207238-77B1-4EED-B8E6-EA8BC89A83C8}
	EndGlobalSection
EndGlobal
