
Microsoft Visual Studio Solution File, Format Version 12.00
# Visual Studio 15
VisualStudioVersion = 15.0.28307.421
MinimumVisualStudioVersion = 10.0.40219.1
Project("{FAE04EC0-301F-11D3-BF4B-00C04F79EFBC}") = "SLR(1)", "SLR(1)\SLR(1).csproj", "{60C1437B-D712-4C4B-ACB5-0F522CD1F1A3}"
EndProject
Global
	GlobalSection(SolutionConfigurationPlatforms) = preSolution
		Debug|Any CPU = Debug|Any CPU
		Release|Any CPU = Release|Any CPU
	EndGlobalSection
	GlobalSection(ProjectConfigurationPlatforms) = postSolution
		{60C1437B-D712-4C4B-ACB5-0F522CD1F1A3}.Debug|Any CPU.ActiveCfg = Debug|Any CPU
		{60C1437B-D712-4C4B-ACB5-0F522CD1F1A3}.Debug|Any CPU.Build.0 = Debug|Any CPU
		{60C1437B-D712-4C4B-ACB5-0F522CD1F1A3}.Release|Any CPU.ActiveCfg = Release|Any CPU
		{60C1437B-D712-4C4B-ACB5-0F522CD1F1A3}.Release|Any CPU.Build.0 = Release|Any CPU
	EndGlobalSection
	GlobalSection(SolutionProperties) = preSolution
		HideSolutionNode = FALSE
	EndGlobalSection
	GlobalSection(ExtensibilityGlobals) = postSolution
		SolutionGuid = {8AAAB021-A577-46F7-A8A1-937A34800EF5}
	EndGlobalSection
EndGlobal
