
Microsoft Visual Studio Solution File, Format Version 12.00
# Visual Studio 15
VisualStudioVersion = 15.0.28307.572
MinimumVisualStudioVersion = 10.0.40219.1
Project("{FAE04EC0-301F-11D3-BF4B-00C04F79EFBC}") = "ASM7", "ASM7\ASM7.csproj", "{416AADA3-BF97-44DB-9570-800E0D6BFE30}"
EndProject
Global
	GlobalSection(SolutionConfigurationPlatforms) = preSolution
		Debug|Any CPU = Debug|Any CPU
		Release|Any CPU = Release|Any CPU
	EndGlobalSection
	GlobalSection(ProjectConfigurationPlatforms) = postSolution
		{416AADA3-BF97-44DB-9570-800E0D6BFE30}.Debug|Any CPU.ActiveCfg = Debug|Any CPU
		{416AADA3-BF97-44DB-9570-800E0D6BFE30}.Debug|Any CPU.Build.0 = Debug|Any CPU
		{416AADA3-BF97-44DB-9570-800E0D6BFE30}.Release|Any CPU.ActiveCfg = Release|Any CPU
		{416AADA3-BF97-44DB-9570-800E0D6BFE30}.Release|Any CPU.Build.0 = Release|Any CPU
	EndGlobalSection
	GlobalSection(SolutionProperties) = preSolution
		HideSolutionNode = FALSE
	EndGlobalSection
	GlobalSection(ExtensibilityGlobals) = postSolution
		SolutionGuid = {DE34E717-BD71-4830-A2DD-DDBAB3AAA643}
	EndGlobalSection
EndGlobal
